
Microsoft Visual Studio Solution File, Format Version 12.00
# Visual Studio Version 17
VisualStudioVersion = 17.11.35303.130
MinimumVisualStudioVersion = 10.0.40219.1
Project("{888888A0-9F3D-457C-B088-3A5042F75D52}") = "AvgUserInput", "AvgUserInput.pyproj", "{42288967-1083-4BEA-A424-588EFEB71747}"
EndProject
Global
	GlobalSection(SolutionConfigurationPlatforms) = preSolution
		Debug|Any CPU = Debug|Any CPU
		Release|Any CPU = Release|Any CPU
	EndGlobalSection
	GlobalSection(ProjectConfigurationPlatforms) = postSolution
		{42288967-1083-4BEA-A424-588EFEB71747}.Debug|Any CPU.ActiveCfg = Debug|Any CPU
		{42288967-1083-4BEA-A424-588EFEB71747}.Release|Any CPU.ActiveCfg = Release|Any CPU
	EndGlobalSection
	GlobalSection(SolutionProperties) = preSolution
		HideSolutionNode = FALSE
	EndGlobalSection
	GlobalSection(ExtensibilityGlobals) = postSolution
		SolutionGuid = {CFCB0CE5-C72D-4A4D-BA99-C69379707EE0}
	EndGlobalSection
EndGlobal
